
Microsoft Visual Studio Solution File, Format Version 12.00
# Visual Studio Version 17
VisualStudioVersion = 17.7.34024.191
MinimumVisualStudioVersion = 10.0.40219.1
Project("{FAE04EC0-301F-11D3-BF4B-00C04F79EFBC}") = "mmria-ui-redesign", "mmria-ui-redesign.csproj", "{C2DE2643-96C1-4836-BABA-4E101B1C8BFB}"
EndProject
Global
	GlobalSection(SolutionConfigurationPlatforms) = preSolution
		Debug|Any CPU = Debug|Any CPU
		Release|Any CPU = Release|Any CPU
	EndGlobalSection
	GlobalSection(ProjectConfigurationPlatforms) = postSolution
		{C2DE2643-96C1-4836-BABA-4E101B1C8BFB}.Debug|Any CPU.ActiveCfg = Debug|Any CPU
		{C2DE2643-96C1-4836-BABA-4E101B1C8BFB}.Debug|Any CPU.Build.0 = Debug|Any CPU
		{C2DE2643-96C1-4836-BABA-4E101B1C8BFB}.Release|Any CPU.ActiveCfg = Release|Any CPU
		{C2DE2643-96C1-4836-BABA-4E101B1C8BFB}.Release|Any CPU.Build.0 = Release|Any CPU
	EndGlobalSection
	GlobalSection(SolutionProperties) = preSolution
		HideSolutionNode = FALSE
	EndGlobalSection
	GlobalSection(ExtensibilityGlobals) = postSolution
		SolutionGuid = {6437E2D4-90B9-4F19-91A9-920F377BFA4A}
	EndGlobalSection
EndGlobal
